
Microsoft Visual Studio Solution File, Format Version 12.00
# Visual Studio 2013
VisualStudioVersion = 12.0.31101.0
MinimumVisualStudioVersion = 10.0.40219.1
Project("{FAE04EC0-301F-11D3-BF4B-00C04F79EFBC}") = "LogoFX.Client.Bootstrapping.SimpleContainer", "LogoFX.Client.Bootstrapping.SimpleContainer\LogoFX.Client.Bootstrapping.SimpleContainer.csproj", "{87AA42D8-A9F2-432B-B6DC-8FD61A2E92C5}"
EndProject
Project("{FAE04EC0-301F-11D3-BF4B-00C04F79EFBC}") = "LogoFX.Client.Bootstrapping.SimpleContainer.Tests", "LogoFX.Client.Bootstrapping.SimpleContainer.Tests\LogoFX.Client.Bootstrapping.SimpleContainer.Tests.csproj", "{9D51A0C5-6B6C-460E-A986-43486C494ADF}"
EndProject
Global
	GlobalSection(SolutionConfigurationPlatforms) = preSolution
		Debug|Any CPU = Debug|Any CPU
		Release|Any CPU = Release|Any CPU
	EndGlobalSection
	GlobalSection(ProjectConfigurationPlatforms) = postSolution
		{87AA42D8-A9F2-432B-B6DC-8FD61A2E92C5}.Debug|Any CPU.ActiveCfg = Debug|Any CPU
		{87AA42D8-A9F2-432B-B6DC-8FD61A2E92C5}.Debug|Any CPU.Build.0 = Debug|Any CPU
		{87AA42D8-A9F2-432B-B6DC-8FD61A2E92C5}.Release|Any CPU.ActiveCfg = Release|Any CPU
		{87AA42D8-A9F2-432B-B6DC-8FD61A2E92C5}.Release|Any CPU.Build.0 = Release|Any CPU
		{9D51A0C5-6B6C-460E-A986-43486C494ADF}.Debug|Any CPU.ActiveCfg = Debug|Any CPU
		{9D51A0C5-6B6C-460E-A986-43486C494ADF}.Debug|Any CPU.Build.0 = Debug|Any CPU
		{9D51A0C5-6B6C-460E-A986-43486C494ADF}.Release|Any CPU.ActiveCfg = Release|Any CPU
		{9D51A0C5-6B6C-460E-A986-43486C494ADF}.Release|Any CPU.Build.0 = Release|Any CPU
	EndGlobalSection
	GlobalSection(SolutionProperties) = preSolution
		HideSolutionNode = FALSE
	EndGlobalSection
EndGlobal
