
Microsoft Visual Studio Solution File, Format Version 12.00
# Visual Studio 2013
VisualStudioVersion = 12.0.31101.0
MinimumVisualStudioVersion = 10.0.40219.1
Project("{FAE04EC0-301F-11D3-BF4B-00C04F79EFBC}") = "LogoFX.Client.Tests.Infra", "LogoFX.Client.Tests.Infra\LogoFX.Client.Tests.Infra.csproj", "{67E5E2E9-A69E-438D-BD6D-E462A42D267C}"
EndProject
Project("{FAE04EC0-301F-11D3-BF4B-00C04F79EFBC}") = "LogoFX.Client.Tests.Shared", "LogoFX.Client.Tests.Shared\LogoFX.Client.Tests.Shared.csproj", "{B939ECBB-3316-4F61-B1F3-1D544543CF5F}"
EndProject
Global
	GlobalSection(SolutionConfigurationPlatforms) = preSolution
		Debug|Any CPU = Debug|Any CPU
		Release|Any CPU = Release|Any CPU
	EndGlobalSection
	GlobalSection(ProjectConfigurationPlatforms) = postSolution
		{67E5E2E9-A69E-438D-BD6D-E462A42D267C}.Debug|Any CPU.ActiveCfg = Debug|Any CPU
		{67E5E2E9-A69E-438D-BD6D-E462A42D267C}.Debug|Any CPU.Build.0 = Debug|Any CPU
		{67E5E2E9-A69E-438D-BD6D-E462A42D267C}.Release|Any CPU.ActiveCfg = Release|Any CPU
		{67E5E2E9-A69E-438D-BD6D-E462A42D267C}.Release|Any CPU.Build.0 = Release|Any CPU
		{B939ECBB-3316-4F61-B1F3-1D544543CF5F}.Debug|Any CPU.ActiveCfg = Debug|Any CPU
		{B939ECBB-3316-4F61-B1F3-1D544543CF5F}.Debug|Any CPU.Build.0 = Debug|Any CPU
		{B939ECBB-3316-4F61-B1F3-1D544543CF5F}.Release|Any CPU.ActiveCfg = Release|Any CPU
		{B939ECBB-3316-4F61-B1F3-1D544543CF5F}.Release|Any CPU.Build.0 = Release|Any CPU
	EndGlobalSection
	GlobalSection(SolutionProperties) = preSolution
		HideSolutionNode = FALSE
	EndGlobalSection
EndGlobal
