
Microsoft Visual Studio Solution File, Format Version 12.00
# Visual Studio 2013
VisualStudioVersion = 12.0.31101.0
MinimumVisualStudioVersion = 10.0.40219.1
Project("{FAE04EC0-301F-11D3-BF4B-00C04F79EFBC}") = "LogoFX.Practices.IoC", "LogoFX.Practices.IoC\LogoFX.Practices.IoC.csproj", "{C7AE389E-C13C-4D52-9926-BE23E7ECAEA7}"
EndProject
Project("{FAE04EC0-301F-11D3-BF4B-00C04F79EFBC}") = "LogoFX.Practices.IoC.Tests", "LogoFX.Practices.IoC.Tests\LogoFX.Practices.IoC.Tests.csproj", "{4960E05A-C2E6-4EB1-A1AC-88198D752DCC}"
EndProject
Global
	GlobalSection(SolutionConfigurationPlatforms) = preSolution
		Debug|Any CPU = Debug|Any CPU
		Release|Any CPU = Release|Any CPU
	EndGlobalSection
	GlobalSection(ProjectConfigurationPlatforms) = postSolution
		{C7AE389E-C13C-4D52-9926-BE23E7ECAEA7}.Debug|Any CPU.ActiveCfg = Debug|Any CPU
		{C7AE389E-C13C-4D52-9926-BE23E7ECAEA7}.Debug|Any CPU.Build.0 = Debug|Any CPU
		{C7AE389E-C13C-4D52-9926-BE23E7ECAEA7}.Release|Any CPU.ActiveCfg = Release|Any CPU
		{C7AE389E-C13C-4D52-9926-BE23E7ECAEA7}.Release|Any CPU.Build.0 = Release|Any CPU
		{4960E05A-C2E6-4EB1-A1AC-88198D752DCC}.Debug|Any CPU.ActiveCfg = Debug|Any CPU
		{4960E05A-C2E6-4EB1-A1AC-88198D752DCC}.Debug|Any CPU.Build.0 = Debug|Any CPU
		{4960E05A-C2E6-4EB1-A1AC-88198D752DCC}.Release|Any CPU.ActiveCfg = Release|Any CPU
		{4960E05A-C2E6-4EB1-A1AC-88198D752DCC}.Release|Any CPU.Build.0 = Release|Any CPU
	EndGlobalSection
	GlobalSection(SolutionProperties) = preSolution
		HideSolutionNode = FALSE
	EndGlobalSection
EndGlobal
