
Microsoft Visual Studio Solution File, Format Version 12.00
# Visual Studio 14
VisualStudioVersion = 14.0.24720.0
MinimumVisualStudioVersion = 10.0.40219.1
Project("{2150E333-8FDC-42A3-9474-1A3956D46DE8}") = "Tests", "Tests", "{E534B559-5905-4F1F-9EA3-50358E7707EF}"
EndProject
Project("{2150E333-8FDC-42A3-9474-1A3956D46DE8}") = "Practices", "Practices", "{F7E56554-4097-462C-B49C-35A3E3C1E626}"
EndProject
Project("{2150E333-8FDC-42A3-9474-1A3956D46DE8}") = "IoC", "IoC", "{9727F930-67F4-4F59-A231-5991EACBB893}"
EndProject
Project("{2150E333-8FDC-42A3-9474-1A3956D46DE8}") = "Client", "Client", "{3CD5EE40-92FB-4E3B-95C9-BEE40E1131AB}"
EndProject
Project("{2150E333-8FDC-42A3-9474-1A3956D46DE8}") = "ViewModelFactory", "ViewModelFactory", "{60FB7B33-6CD4-4C2C-8047-BB6D9959F1DB}"
EndProject
Project("{2150E333-8FDC-42A3-9474-1A3956D46DE8}") = "Bootstrapping", "Bootstrapping", "{2F7A6F31-65E2-483D-BEFE-43A581FABBEE}"
EndProject
Project("{2150E333-8FDC-42A3-9474-1A3956D46DE8}") = "Navigation", "Navigation", "{A1C30192-9E63-402D-9C55-D44DB4DEC2C7}"
EndProject
Project("{2150E333-8FDC-42A3-9474-1A3956D46DE8}") = "Server", "Server", "{18833F05-C2E8-4D40-82EC-25B514EABA99}"
EndProject
Project("{2150E333-8FDC-42A3-9474-1A3956D46DE8}") = "DAL", "DAL", "{0F1D1836-4538-4440-A898-C145F58183B5}"
EndProject
Project("{FAE04EC0-301F-11D3-BF4B-00C04F79EFBC}") = "LogoFX.Server.DAL.DbContext", "LogoFX.Server.DAL.DbContext\LogoFX.Server.DAL.DbContext.csproj", "{063BC36D-B5E8-4C2B-BC6A-C28C0AE35841}"
EndProject
Project("{FAE04EC0-301F-11D3-BF4B-00C04F79EFBC}") = "LogoFX.Server.DAL.Entities", "LogoFX.Server.DAL.Entities\LogoFX.Server.DAL.Entities.csproj", "{53772A2E-C856-4CF4-87DD-30EFB3BEE203}"
EndProject
Project("{FAE04EC0-301F-11D3-BF4B-00C04F79EFBC}") = "LogoFX.Server.DAL.Repository", "LogoFX.Server.DAL.Repository\LogoFX.Server.DAL.Repository.csproj", "{731CB9AF-5017-4172-BC94-BB91F9B5AC92}"
EndProject
Project("{2150E333-8FDC-42A3-9474-1A3956D46DE8}") = "Web", "Web", "{4FAB53D2-CAD6-442D-AF15-773579750438}"
EndProject
Project("{FAE04EC0-301F-11D3-BF4B-00C04F79EFBC}") = "LogoFX.Server.Web.Core", "LogoFX.Server.Web.Core\LogoFX.Server.Web.Core.csproj", "{0D23BD5A-70AE-4D0A-8634-8055E1A55FA6}"
EndProject
Project("{FAE04EC0-301F-11D3-BF4B-00C04F79EFBC}") = "LogoFX.Server.Web.Bootstrapping", "LogoFX.Server.Web.Bootstrapping\LogoFX.Server.Web.Bootstrapping.csproj", "{2F8248BF-BF45-48D2-B16E-53AFC6392569}"
EndProject
Project("{FAE04EC0-301F-11D3-BF4B-00C04F79EFBC}") = "LogoFX.Server.Web.Owin", "LogoFX.Server.Web.Owin\LogoFX.Server.Web.Owin.csproj", "{52E85388-A241-44CD-BE0D-F0293CE9C559}"
EndProject
Project("{FAE04EC0-301F-11D3-BF4B-00C04F79EFBC}") = "LogoFX.Async", "LogoFX.Async\LogoFX.Async.csproj", "{87CB4E34-C0AB-4711-9A36-2290302F55E5}"
EndProject
Project("{2150E333-8FDC-42A3-9474-1A3956D46DE8}") = "Modularity", "Modularity", "{5D1196B2-44C1-418C-8F2F-D495A9A234A3}"
EndProject
Project("{2150E333-8FDC-42A3-9474-1A3956D46DE8}") = "Modularity", "Modularity", "{F88893B9-0606-43DB-BC2E-0FB1620168B6}"
EndProject
Project("{FAE04EC0-301F-11D3-BF4B-00C04F79EFBC}") = "LogoFX.Practices.Modularity", "LogoFX.Practices.Modularity\LogoFX.Practices.Modularity.csproj", "{7EC22CB0-38F8-464C-A0C1-7D3F5DE9D29F}"
EndProject
Project("{2150E333-8FDC-42A3-9474-1A3956D46DE8}") = "Async", "Async", "{0A196598-ADD1-4506-92E9-98159012EA10}"
EndProject
Project("{2150E333-8FDC-42A3-9474-1A3956D46DE8}") = "Mvvm", "Mvvm", "{0F03A1A6-30CD-4E9C-AB39-02BBE1784345}"
EndProject
Project("{FAE04EC0-301F-11D3-BF4B-00C04F79EFBC}") = "LogoFX.Client.Modularity", "LogoFX.Client.Modularity\LogoFX.Client.Modularity.csproj", "{1930E259-7724-429F-9A28-F9D5DA64F5A1}"
EndProject
Project("{FAE04EC0-301F-11D3-BF4B-00C04F79EFBC}") = "LogoFX.Client.Mvvm.Navigation", "LogoFX.Client.Mvvm.Navigation\LogoFX.Client.Mvvm.Navigation.csproj", "{6BE25F7E-97CE-448F-BFBD-A3E4A1B22A81}"
EndProject
Project("{FAE04EC0-301F-11D3-BF4B-00C04F79EFBC}") = "LogoFX.Client.Mvvm.ViewModelFactory.Autofac", "LogoFX.Client.Mvvm.ViewModelFactory.Autofac\LogoFX.Client.Mvvm.ViewModelFactory.Autofac.csproj", "{6329C889-3BB1-461F-91C3-2698C462118B}"
EndProject
Project("{FAE04EC0-301F-11D3-BF4B-00C04F79EFBC}") = "LogoFX.Client.Mvvm.ViewModelFactory.SimpleContainer", "LogoFX.Client.Mvvm.ViewModelFactory.SimpleContainer\LogoFX.Client.Mvvm.ViewModelFactory.SimpleContainer.csproj", "{50E9F62A-75DC-4BA0-8C35-712E64A1D16B}"
EndProject
Project("{FAE04EC0-301F-11D3-BF4B-00C04F79EFBC}") = "LogoFX.Client.Mvvm.ViewModelFactory.Unity", "LogoFX.Client.Mvvm.ViewModelFactory.Unity\LogoFX.Client.Mvvm.ViewModelFactory.Unity.csproj", "{B4E59990-EA10-451D-982C-8736E333A26A}"
EndProject
Project("{FAE04EC0-301F-11D3-BF4B-00C04F79EFBC}") = "LogoFX.Client.Bootstrapping.SimpleContainer", "LogoFX.Client.Bootstrapping.SimpleContainer\LogoFX.Client.Bootstrapping.SimpleContainer.csproj", "{87AA42D8-A9F2-432B-B6DC-8FD61A2E92C5}"
EndProject
Project("{FAE04EC0-301F-11D3-BF4B-00C04F79EFBC}") = "LogoFX.Client.Mvvm.ViewModelFactory.SimpleContainer.Tests", "LogoFX.Client.Mvvm.ViewModelFactory.SimpleContainer.Tests\LogoFX.Client.Mvvm.ViewModelFactory.SimpleContainer.Tests.csproj", "{35EECDC6-B183-4116-AE92-CD7A74F8A792}"
EndProject
Project("{FAE04EC0-301F-11D3-BF4B-00C04F79EFBC}") = "LogoFX.Client.Mvvm.ViewModelFactory.SimpleInjector", "LogoFX.Client.Mvvm.ViewModelFactory.SimpleInjector\LogoFX.Client.Mvvm.ViewModelFactory.SimpleInjector.csproj", "{B779CF43-965D-4295-8756-D758438FC0F2}"
EndProject
Project("{FAE04EC0-301F-11D3-BF4B-00C04F79EFBC}") = "LogoFX.Client.Mvvm.ViewModelFactory.SimpleInjector.Tests", "LogoFX.Client.Mvvm.ViewModelFactory.SimpleInjector.Tests\LogoFX.Client.Mvvm.ViewModelFactory.SimpleInjector.Tests.csproj", "{CA796B73-78D7-4A11-BD42-85C9A7365E48}"
EndProject
Project("{FAE04EC0-301F-11D3-BF4B-00C04F79EFBC}") = "LogoFX.Client.Bootstrapping.Adapters.SimpleInjector", "LogoFX.Client.Bootstrapping.Adapters.SimpleInjector\LogoFX.Client.Bootstrapping.Adapters.SimpleInjector.csproj", "{2024019E-47E0-471D-ACA6-979672ED9788}"
EndProject
Project("{2150E333-8FDC-42A3-9474-1A3956D46DE8}") = "Adapters", "Adapters", "{F5A69566-AB34-4382-92DF-8CA2BD9CEBEC}"
EndProject
Project("{FAE04EC0-301F-11D3-BF4B-00C04F79EFBC}") = "LogoFX.Client.Bootstrapping.Adapters.Unity", "LogoFX.Client.Bootstrapping.Adapters.Unity\LogoFX.Client.Bootstrapping.Adapters.Unity.csproj", "{86BE00A6-BA8C-4231-B1EB-5C4016DB665D}"
EndProject
Project("{FAE04EC0-301F-11D3-BF4B-00C04F79EFBC}") = "LogoFX.Practices.IoC.Extensions.SimpleInjector", "LogoFX.Practices.IoC.Extensions.SimpleInjector\LogoFX.Practices.IoC.Extensions.SimpleInjector.csproj", "{8731C339-27A8-43DD-AAB6-240D82F03BD7}"
EndProject
Project("{2150E333-8FDC-42A3-9474-1A3956D46DE8}") = "Data", "Data", "{0F78E18F-5480-4BF2-AEB7-EA6B2AE2D744}"
EndProject
Project("{FAE04EC0-301F-11D3-BF4B-00C04F79EFBC}") = "LogoFX.Client.Data.Fake.ProviderBuilders", "LogoFX.Client.Data.Fake.ProviderBuilders\LogoFX.Client.Data.Fake.ProviderBuilders.csproj", "{1CE42C14-9D1D-4867-BDC5-D510DC513E3C}"
EndProject
Project("{2150E333-8FDC-42A3-9474-1A3956D46DE8}") = "Model", "Model", "{54E10667-E859-4AF6-8931-85964FA2C4D0}"
EndProject
Project("{FAE04EC0-301F-11D3-BF4B-00C04F79EFBC}") = "LogoFX.Client.Mvvm.Model.Fake", "LogoFX.Client.Mvvm.Model.Fake\LogoFX.Client.Mvvm.Model.Fake.csproj", "{FA08CF21-1232-4615-94E6-139231640A97}"
EndProject
Global
	GlobalSection(SolutionConfigurationPlatforms) = preSolution
		Debug|Any CPU = Debug|Any CPU
		Debug|ARM = Debug|ARM
		Debug|x64 = Debug|x64
		Debug|x86 = Debug|x86
		Release|Any CPU = Release|Any CPU
		Release|ARM = Release|ARM
		Release|x64 = Release|x64
		Release|x86 = Release|x86
	EndGlobalSection
	GlobalSection(ProjectConfigurationPlatforms) = postSolution
		{063BC36D-B5E8-4C2B-BC6A-C28C0AE35841}.Debug|Any CPU.ActiveCfg = Debug|Any CPU
		{063BC36D-B5E8-4C2B-BC6A-C28C0AE35841}.Debug|Any CPU.Build.0 = Debug|Any CPU
		{063BC36D-B5E8-4C2B-BC6A-C28C0AE35841}.Debug|ARM.ActiveCfg = Debug|Any CPU
		{063BC36D-B5E8-4C2B-BC6A-C28C0AE35841}.Debug|ARM.Build.0 = Debug|Any CPU
		{063BC36D-B5E8-4C2B-BC6A-C28C0AE35841}.Debug|x64.ActiveCfg = Debug|Any CPU
		{063BC36D-B5E8-4C2B-BC6A-C28C0AE35841}.Debug|x64.Build.0 = Debug|Any CPU
		{063BC36D-B5E8-4C2B-BC6A-C28C0AE35841}.Debug|x86.ActiveCfg = Debug|Any CPU
		{063BC36D-B5E8-4C2B-BC6A-C28C0AE35841}.Debug|x86.Build.0 = Debug|Any CPU
		{063BC36D-B5E8-4C2B-BC6A-C28C0AE35841}.Release|Any CPU.ActiveCfg = Release|Any CPU
		{063BC36D-B5E8-4C2B-BC6A-C28C0AE35841}.Release|Any CPU.Build.0 = Release|Any CPU
		{063BC36D-B5E8-4C2B-BC6A-C28C0AE35841}.Release|ARM.ActiveCfg = Release|Any CPU
		{063BC36D-B5E8-4C2B-BC6A-C28C0AE35841}.Release|ARM.Build.0 = Release|Any CPU
		{063BC36D-B5E8-4C2B-BC6A-C28C0AE35841}.Release|x64.ActiveCfg = Release|Any CPU
		{063BC36D-B5E8-4C2B-BC6A-C28C0AE35841}.Release|x64.Build.0 = Release|Any CPU
		{063BC36D-B5E8-4C2B-BC6A-C28C0AE35841}.Release|x86.ActiveCfg = Release|Any CPU
		{063BC36D-B5E8-4C2B-BC6A-C28C0AE35841}.Release|x86.Build.0 = Release|Any CPU
		{53772A2E-C856-4CF4-87DD-30EFB3BEE203}.Debug|Any CPU.ActiveCfg = Debug|Any CPU
		{53772A2E-C856-4CF4-87DD-30EFB3BEE203}.Debug|Any CPU.Build.0 = Debug|Any CPU
		{53772A2E-C856-4CF4-87DD-30EFB3BEE203}.Debug|ARM.ActiveCfg = Debug|Any CPU
		{53772A2E-C856-4CF4-87DD-30EFB3BEE203}.Debug|ARM.Build.0 = Debug|Any CPU
		{53772A2E-C856-4CF4-87DD-30EFB3BEE203}.Debug|x64.ActiveCfg = Debug|Any CPU
		{53772A2E-C856-4CF4-87DD-30EFB3BEE203}.Debug|x64.Build.0 = Debug|Any CPU
		{53772A2E-C856-4CF4-87DD-30EFB3BEE203}.Debug|x86.ActiveCfg = Debug|Any CPU
		{53772A2E-C856-4CF4-87DD-30EFB3BEE203}.Debug|x86.Build.0 = Debug|Any CPU
		{53772A2E-C856-4CF4-87DD-30EFB3BEE203}.Release|Any CPU.ActiveCfg = Release|Any CPU
		{53772A2E-C856-4CF4-87DD-30EFB3BEE203}.Release|Any CPU.Build.0 = Release|Any CPU
		{53772A2E-C856-4CF4-87DD-30EFB3BEE203}.Release|ARM.ActiveCfg = Release|Any CPU
		{53772A2E-C856-4CF4-87DD-30EFB3BEE203}.Release|ARM.Build.0 = Release|Any CPU
		{53772A2E-C856-4CF4-87DD-30EFB3BEE203}.Release|x64.ActiveCfg = Release|Any CPU
		{53772A2E-C856-4CF4-87DD-30EFB3BEE203}.Release|x64.Build.0 = Release|Any CPU
		{53772A2E-C856-4CF4-87DD-30EFB3BEE203}.Release|x86.ActiveCfg = Release|Any CPU
		{53772A2E-C856-4CF4-87DD-30EFB3BEE203}.Release|x86.Build.0 = Release|Any CPU
		{731CB9AF-5017-4172-BC94-BB91F9B5AC92}.Debug|Any CPU.ActiveCfg = Debug|Any CPU
		{731CB9AF-5017-4172-BC94-BB91F9B5AC92}.Debug|Any CPU.Build.0 = Debug|Any CPU
		{731CB9AF-5017-4172-BC94-BB91F9B5AC92}.Debug|ARM.ActiveCfg = Debug|Any CPU
		{731CB9AF-5017-4172-BC94-BB91F9B5AC92}.Debug|ARM.Build.0 = Debug|Any CPU
		{731CB9AF-5017-4172-BC94-BB91F9B5AC92}.Debug|x64.ActiveCfg = Debug|Any CPU
		{731CB9AF-5017-4172-BC94-BB91F9B5AC92}.Debug|x64.Build.0 = Debug|Any CPU
		{731CB9AF-5017-4172-BC94-BB91F9B5AC92}.Debug|x86.ActiveCfg = Debug|Any CPU
		{731CB9AF-5017-4172-BC94-BB91F9B5AC92}.Debug|x86.Build.0 = Debug|Any CPU
		{731CB9AF-5017-4172-BC94-BB91F9B5AC92}.Release|Any CPU.ActiveCfg = Release|Any CPU
		{731CB9AF-5017-4172-BC94-BB91F9B5AC92}.Release|Any CPU.Build.0 = Release|Any CPU
		{731CB9AF-5017-4172-BC94-BB91F9B5AC92}.Release|ARM.ActiveCfg = Release|Any CPU
		{731CB9AF-5017-4172-BC94-BB91F9B5AC92}.Release|ARM.Build.0 = Release|Any CPU
		{731CB9AF-5017-4172-BC94-BB91F9B5AC92}.Release|x64.ActiveCfg = Release|Any CPU
		{731CB9AF-5017-4172-BC94-BB91F9B5AC92}.Release|x64.Build.0 = Release|Any CPU
		{731CB9AF-5017-4172-BC94-BB91F9B5AC92}.Release|x86.ActiveCfg = Release|Any CPU
		{731CB9AF-5017-4172-BC94-BB91F9B5AC92}.Release|x86.Build.0 = Release|Any CPU
		{0D23BD5A-70AE-4D0A-8634-8055E1A55FA6}.Debug|Any CPU.ActiveCfg = Debug|Any CPU
		{0D23BD5A-70AE-4D0A-8634-8055E1A55FA6}.Debug|Any CPU.Build.0 = Debug|Any CPU
		{0D23BD5A-70AE-4D0A-8634-8055E1A55FA6}.Debug|ARM.ActiveCfg = Debug|Any CPU
		{0D23BD5A-70AE-4D0A-8634-8055E1A55FA6}.Debug|ARM.Build.0 = Debug|Any CPU
		{0D23BD5A-70AE-4D0A-8634-8055E1A55FA6}.Debug|x64.ActiveCfg = Debug|Any CPU
		{0D23BD5A-70AE-4D0A-8634-8055E1A55FA6}.Debug|x64.Build.0 = Debug|Any CPU
		{0D23BD5A-70AE-4D0A-8634-8055E1A55FA6}.Debug|x86.ActiveCfg = Debug|Any CPU
		{0D23BD5A-70AE-4D0A-8634-8055E1A55FA6}.Debug|x86.Build.0 = Debug|Any CPU
		{0D23BD5A-70AE-4D0A-8634-8055E1A55FA6}.Release|Any CPU.ActiveCfg = Release|Any CPU
		{0D23BD5A-70AE-4D0A-8634-8055E1A55FA6}.Release|Any CPU.Build.0 = Release|Any CPU
		{0D23BD5A-70AE-4D0A-8634-8055E1A55FA6}.Release|ARM.ActiveCfg = Release|Any CPU
		{0D23BD5A-70AE-4D0A-8634-8055E1A55FA6}.Release|ARM.Build.0 = Release|Any CPU
		{0D23BD5A-70AE-4D0A-8634-8055E1A55FA6}.Release|x64.ActiveCfg = Release|Any CPU
		{0D23BD5A-70AE-4D0A-8634-8055E1A55FA6}.Release|x64.Build.0 = Release|Any CPU
		{0D23BD5A-70AE-4D0A-8634-8055E1A55FA6}.Release|x86.ActiveCfg = Release|Any CPU
		{0D23BD5A-70AE-4D0A-8634-8055E1A55FA6}.Release|x86.Build.0 = Release|Any CPU
		{2F8248BF-BF45-48D2-B16E-53AFC6392569}.Debug|Any CPU.ActiveCfg = Debug|Any CPU
		{2F8248BF-BF45-48D2-B16E-53AFC6392569}.Debug|Any CPU.Build.0 = Debug|Any CPU
		{2F8248BF-BF45-48D2-B16E-53AFC6392569}.Debug|ARM.ActiveCfg = Debug|Any CPU
		{2F8248BF-BF45-48D2-B16E-53AFC6392569}.Debug|ARM.Build.0 = Debug|Any CPU
		{2F8248BF-BF45-48D2-B16E-53AFC6392569}.Debug|x64.ActiveCfg = Debug|Any CPU
		{2F8248BF-BF45-48D2-B16E-53AFC6392569}.Debug|x64.Build.0 = Debug|Any CPU
		{2F8248BF-BF45-48D2-B16E-53AFC6392569}.Debug|x86.ActiveCfg = Debug|Any CPU
		{2F8248BF-BF45-48D2-B16E-53AFC6392569}.Debug|x86.Build.0 = Debug|Any CPU
		{2F8248BF-BF45-48D2-B16E-53AFC6392569}.Release|Any CPU.ActiveCfg = Release|Any CPU
		{2F8248BF-BF45-48D2-B16E-53AFC6392569}.Release|Any CPU.Build.0 = Release|Any CPU
		{2F8248BF-BF45-48D2-B16E-53AFC6392569}.Release|ARM.ActiveCfg = Release|Any CPU
		{2F8248BF-BF45-48D2-B16E-53AFC6392569}.Release|ARM.Build.0 = Release|Any CPU
		{2F8248BF-BF45-48D2-B16E-53AFC6392569}.Release|x64.ActiveCfg = Release|Any CPU
		{2F8248BF-BF45-48D2-B16E-53AFC6392569}.Release|x64.Build.0 = Release|Any CPU
		{2F8248BF-BF45-48D2-B16E-53AFC6392569}.Release|x86.ActiveCfg = Release|Any CPU
		{2F8248BF-BF45-48D2-B16E-53AFC6392569}.Release|x86.Build.0 = Release|Any CPU
		{52E85388-A241-44CD-BE0D-F0293CE9C559}.Debug|Any CPU.ActiveCfg = Debug|Any CPU
		{52E85388-A241-44CD-BE0D-F0293CE9C559}.Debug|Any CPU.Build.0 = Debug|Any CPU
		{52E85388-A241-44CD-BE0D-F0293CE9C559}.Debug|ARM.ActiveCfg = Debug|Any CPU
		{52E85388-A241-44CD-BE0D-F0293CE9C559}.Debug|ARM.Build.0 = Debug|Any CPU
		{52E85388-A241-44CD-BE0D-F0293CE9C559}.Debug|x64.ActiveCfg = Debug|Any CPU
		{52E85388-A241-44CD-BE0D-F0293CE9C559}.Debug|x64.Build.0 = Debug|Any CPU
		{52E85388-A241-44CD-BE0D-F0293CE9C559}.Debug|x86.ActiveCfg = Debug|Any CPU
		{52E85388-A241-44CD-BE0D-F0293CE9C559}.Debug|x86.Build.0 = Debug|Any CPU
		{52E85388-A241-44CD-BE0D-F0293CE9C559}.Release|Any CPU.ActiveCfg = Release|Any CPU
		{52E85388-A241-44CD-BE0D-F0293CE9C559}.Release|Any CPU.Build.0 = Release|Any CPU
		{52E85388-A241-44CD-BE0D-F0293CE9C559}.Release|ARM.ActiveCfg = Release|Any CPU
		{52E85388-A241-44CD-BE0D-F0293CE9C559}.Release|ARM.Build.0 = Release|Any CPU
		{52E85388-A241-44CD-BE0D-F0293CE9C559}.Release|x64.ActiveCfg = Release|Any CPU
		{52E85388-A241-44CD-BE0D-F0293CE9C559}.Release|x64.Build.0 = Release|Any CPU
		{52E85388-A241-44CD-BE0D-F0293CE9C559}.Release|x86.ActiveCfg = Release|Any CPU
		{52E85388-A241-44CD-BE0D-F0293CE9C559}.Release|x86.Build.0 = Release|Any CPU
		{87CB4E34-C0AB-4711-9A36-2290302F55E5}.Debug|Any CPU.ActiveCfg = Debug|Any CPU
		{87CB4E34-C0AB-4711-9A36-2290302F55E5}.Debug|Any CPU.Build.0 = Debug|Any CPU
		{87CB4E34-C0AB-4711-9A36-2290302F55E5}.Debug|ARM.ActiveCfg = Debug|Any CPU
		{87CB4E34-C0AB-4711-9A36-2290302F55E5}.Debug|ARM.Build.0 = Debug|Any CPU
		{87CB4E34-C0AB-4711-9A36-2290302F55E5}.Debug|x64.ActiveCfg = Debug|Any CPU
		{87CB4E34-C0AB-4711-9A36-2290302F55E5}.Debug|x64.Build.0 = Debug|Any CPU
		{87CB4E34-C0AB-4711-9A36-2290302F55E5}.Debug|x86.ActiveCfg = Debug|Any CPU
		{87CB4E34-C0AB-4711-9A36-2290302F55E5}.Debug|x86.Build.0 = Debug|Any CPU
		{87CB4E34-C0AB-4711-9A36-2290302F55E5}.Release|Any CPU.ActiveCfg = Release|Any CPU
		{87CB4E34-C0AB-4711-9A36-2290302F55E5}.Release|Any CPU.Build.0 = Release|Any CPU
		{87CB4E34-C0AB-4711-9A36-2290302F55E5}.Release|ARM.ActiveCfg = Release|Any CPU
		{87CB4E34-C0AB-4711-9A36-2290302F55E5}.Release|ARM.Build.0 = Release|Any CPU
		{87CB4E34-C0AB-4711-9A36-2290302F55E5}.Release|x64.ActiveCfg = Release|Any CPU
		{87CB4E34-C0AB-4711-9A36-2290302F55E5}.Release|x64.Build.0 = Release|Any CPU
		{87CB4E34-C0AB-4711-9A36-2290302F55E5}.Release|x86.ActiveCfg = Release|Any CPU
		{87CB4E34-C0AB-4711-9A36-2290302F55E5}.Release|x86.Build.0 = Release|Any CPU
		{7EC22CB0-38F8-464C-A0C1-7D3F5DE9D29F}.Debug|Any CPU.ActiveCfg = Debug|Any CPU
		{7EC22CB0-38F8-464C-A0C1-7D3F5DE9D29F}.Debug|Any CPU.Build.0 = Debug|Any CPU
		{7EC22CB0-38F8-464C-A0C1-7D3F5DE9D29F}.Debug|ARM.ActiveCfg = Debug|Any CPU
		{7EC22CB0-38F8-464C-A0C1-7D3F5DE9D29F}.Debug|ARM.Build.0 = Debug|Any CPU
		{7EC22CB0-38F8-464C-A0C1-7D3F5DE9D29F}.Debug|x64.ActiveCfg = Debug|Any CPU
		{7EC22CB0-38F8-464C-A0C1-7D3F5DE9D29F}.Debug|x64.Build.0 = Debug|Any CPU
		{7EC22CB0-38F8-464C-A0C1-7D3F5DE9D29F}.Debug|x86.ActiveCfg = Debug|Any CPU
		{7EC22CB0-38F8-464C-A0C1-7D3F5DE9D29F}.Debug|x86.Build.0 = Debug|Any CPU
		{7EC22CB0-38F8-464C-A0C1-7D3F5DE9D29F}.Release|Any CPU.ActiveCfg = Release|Any CPU
		{7EC22CB0-38F8-464C-A0C1-7D3F5DE9D29F}.Release|Any CPU.Build.0 = Release|Any CPU
		{7EC22CB0-38F8-464C-A0C1-7D3F5DE9D29F}.Release|ARM.ActiveCfg = Release|Any CPU
		{7EC22CB0-38F8-464C-A0C1-7D3F5DE9D29F}.Release|ARM.Build.0 = Release|Any CPU
		{7EC22CB0-38F8-464C-A0C1-7D3F5DE9D29F}.Release|x64.ActiveCfg = Release|Any CPU
		{7EC22CB0-38F8-464C-A0C1-7D3F5DE9D29F}.Release|x64.Build.0 = Release|Any CPU
		{7EC22CB0-38F8-464C-A0C1-7D3F5DE9D29F}.Release|x86.ActiveCfg = Release|Any CPU
		{7EC22CB0-38F8-464C-A0C1-7D3F5DE9D29F}.Release|x86.Build.0 = Release|Any CPU
		{1930E259-7724-429F-9A28-F9D5DA64F5A1}.Debug|Any CPU.ActiveCfg = Debug|Any CPU
		{1930E259-7724-429F-9A28-F9D5DA64F5A1}.Debug|Any CPU.Build.0 = Debug|Any CPU
		{1930E259-7724-429F-9A28-F9D5DA64F5A1}.Debug|ARM.ActiveCfg = Debug|Any CPU
		{1930E259-7724-429F-9A28-F9D5DA64F5A1}.Debug|ARM.Build.0 = Debug|Any CPU
		{1930E259-7724-429F-9A28-F9D5DA64F5A1}.Debug|x64.ActiveCfg = Debug|Any CPU
		{1930E259-7724-429F-9A28-F9D5DA64F5A1}.Debug|x64.Build.0 = Debug|Any CPU
		{1930E259-7724-429F-9A28-F9D5DA64F5A1}.Debug|x86.ActiveCfg = Debug|Any CPU
		{1930E259-7724-429F-9A28-F9D5DA64F5A1}.Debug|x86.Build.0 = Debug|Any CPU
		{1930E259-7724-429F-9A28-F9D5DA64F5A1}.Release|Any CPU.ActiveCfg = Release|Any CPU
		{1930E259-7724-429F-9A28-F9D5DA64F5A1}.Release|Any CPU.Build.0 = Release|Any CPU
		{1930E259-7724-429F-9A28-F9D5DA64F5A1}.Release|ARM.ActiveCfg = Release|Any CPU
		{1930E259-7724-429F-9A28-F9D5DA64F5A1}.Release|ARM.Build.0 = Release|Any CPU
		{1930E259-7724-429F-9A28-F9D5DA64F5A1}.Release|x64.ActiveCfg = Release|Any CPU
		{1930E259-7724-429F-9A28-F9D5DA64F5A1}.Release|x64.Build.0 = Release|Any CPU
		{1930E259-7724-429F-9A28-F9D5DA64F5A1}.Release|x86.ActiveCfg = Release|Any CPU
		{1930E259-7724-429F-9A28-F9D5DA64F5A1}.Release|x86.Build.0 = Release|Any CPU
		{6BE25F7E-97CE-448F-BFBD-A3E4A1B22A81}.Debug|Any CPU.ActiveCfg = Debug|Any CPU
		{6BE25F7E-97CE-448F-BFBD-A3E4A1B22A81}.Debug|Any CPU.Build.0 = Debug|Any CPU
		{6BE25F7E-97CE-448F-BFBD-A3E4A1B22A81}.Debug|ARM.ActiveCfg = Debug|Any CPU
		{6BE25F7E-97CE-448F-BFBD-A3E4A1B22A81}.Debug|ARM.Build.0 = Debug|Any CPU
		{6BE25F7E-97CE-448F-BFBD-A3E4A1B22A81}.Debug|x64.ActiveCfg = Debug|Any CPU
		{6BE25F7E-97CE-448F-BFBD-A3E4A1B22A81}.Debug|x64.Build.0 = Debug|Any CPU
		{6BE25F7E-97CE-448F-BFBD-A3E4A1B22A81}.Debug|x86.ActiveCfg = Debug|Any CPU
		{6BE25F7E-97CE-448F-BFBD-A3E4A1B22A81}.Debug|x86.Build.0 = Debug|Any CPU
		{6BE25F7E-97CE-448F-BFBD-A3E4A1B22A81}.Release|Any CPU.ActiveCfg = Release|Any CPU
		{6BE25F7E-97CE-448F-BFBD-A3E4A1B22A81}.Release|Any CPU.Build.0 = Release|Any CPU
		{6BE25F7E-97CE-448F-BFBD-A3E4A1B22A81}.Release|ARM.ActiveCfg = Release|Any CPU
		{6BE25F7E-97CE-448F-BFBD-A3E4A1B22A81}.Release|ARM.Build.0 = Release|Any CPU
		{6BE25F7E-97CE-448F-BFBD-A3E4A1B22A81}.Release|x64.ActiveCfg = Release|Any CPU
		{6BE25F7E-97CE-448F-BFBD-A3E4A1B22A81}.Release|x64.Build.0 = Release|Any CPU
		{6BE25F7E-97CE-448F-BFBD-A3E4A1B22A81}.Release|x86.ActiveCfg = Release|Any CPU
		{6BE25F7E-97CE-448F-BFBD-A3E4A1B22A81}.Release|x86.Build.0 = Release|Any CPU
		{6329C889-3BB1-461F-91C3-2698C462118B}.Debug|Any CPU.ActiveCfg = Debug|Any CPU
		{6329C889-3BB1-461F-91C3-2698C462118B}.Debug|Any CPU.Build.0 = Debug|Any CPU
		{6329C889-3BB1-461F-91C3-2698C462118B}.Debug|ARM.ActiveCfg = Debug|Any CPU
		{6329C889-3BB1-461F-91C3-2698C462118B}.Debug|ARM.Build.0 = Debug|Any CPU
		{6329C889-3BB1-461F-91C3-2698C462118B}.Debug|x64.ActiveCfg = Debug|Any CPU
		{6329C889-3BB1-461F-91C3-2698C462118B}.Debug|x64.Build.0 = Debug|Any CPU
		{6329C889-3BB1-461F-91C3-2698C462118B}.Debug|x86.ActiveCfg = Debug|Any CPU
		{6329C889-3BB1-461F-91C3-2698C462118B}.Debug|x86.Build.0 = Debug|Any CPU
		{6329C889-3BB1-461F-91C3-2698C462118B}.Release|Any CPU.ActiveCfg = Release|Any CPU
		{6329C889-3BB1-461F-91C3-2698C462118B}.Release|Any CPU.Build.0 = Release|Any CPU
		{6329C889-3BB1-461F-91C3-2698C462118B}.Release|ARM.ActiveCfg = Release|Any CPU
		{6329C889-3BB1-461F-91C3-2698C462118B}.Release|ARM.Build.0 = Release|Any CPU
		{6329C889-3BB1-461F-91C3-2698C462118B}.Release|x64.ActiveCfg = Release|Any CPU
		{6329C889-3BB1-461F-91C3-2698C462118B}.Release|x64.Build.0 = Release|Any CPU
		{6329C889-3BB1-461F-91C3-2698C462118B}.Release|x86.ActiveCfg = Release|Any CPU
		{6329C889-3BB1-461F-91C3-2698C462118B}.Release|x86.Build.0 = Release|Any CPU
		{50E9F62A-75DC-4BA0-8C35-712E64A1D16B}.Debug|Any CPU.ActiveCfg = Debug|Any CPU
		{50E9F62A-75DC-4BA0-8C35-712E64A1D16B}.Debug|Any CPU.Build.0 = Debug|Any CPU
		{50E9F62A-75DC-4BA0-8C35-712E64A1D16B}.Debug|ARM.ActiveCfg = Debug|Any CPU
		{50E9F62A-75DC-4BA0-8C35-712E64A1D16B}.Debug|ARM.Build.0 = Debug|Any CPU
		{50E9F62A-75DC-4BA0-8C35-712E64A1D16B}.Debug|x64.ActiveCfg = Debug|Any CPU
		{50E9F62A-75DC-4BA0-8C35-712E64A1D16B}.Debug|x64.Build.0 = Debug|Any CPU
		{50E9F62A-75DC-4BA0-8C35-712E64A1D16B}.Debug|x86.ActiveCfg = Debug|Any CPU
		{50E9F62A-75DC-4BA0-8C35-712E64A1D16B}.Debug|x86.Build.0 = Debug|Any CPU
		{50E9F62A-75DC-4BA0-8C35-712E64A1D16B}.Release|Any CPU.ActiveCfg = Release|Any CPU
		{50E9F62A-75DC-4BA0-8C35-712E64A1D16B}.Release|Any CPU.Build.0 = Release|Any CPU
		{50E9F62A-75DC-4BA0-8C35-712E64A1D16B}.Release|ARM.ActiveCfg = Release|Any CPU
		{50E9F62A-75DC-4BA0-8C35-712E64A1D16B}.Release|ARM.Build.0 = Release|Any CPU
		{50E9F62A-75DC-4BA0-8C35-712E64A1D16B}.Release|x64.ActiveCfg = Release|Any CPU
		{50E9F62A-75DC-4BA0-8C35-712E64A1D16B}.Release|x64.Build.0 = Release|Any CPU
		{50E9F62A-75DC-4BA0-8C35-712E64A1D16B}.Release|x86.ActiveCfg = Release|Any CPU
		{50E9F62A-75DC-4BA0-8C35-712E64A1D16B}.Release|x86.Build.0 = Release|Any CPU
		{B4E59990-EA10-451D-982C-8736E333A26A}.Debug|Any CPU.ActiveCfg = Debug|Any CPU
		{B4E59990-EA10-451D-982C-8736E333A26A}.Debug|Any CPU.Build.0 = Debug|Any CPU
		{B4E59990-EA10-451D-982C-8736E333A26A}.Debug|ARM.ActiveCfg = Debug|Any CPU
		{B4E59990-EA10-451D-982C-8736E333A26A}.Debug|ARM.Build.0 = Debug|Any CPU
		{B4E59990-EA10-451D-982C-8736E333A26A}.Debug|x64.ActiveCfg = Debug|Any CPU
		{B4E59990-EA10-451D-982C-8736E333A26A}.Debug|x64.Build.0 = Debug|Any CPU
		{B4E59990-EA10-451D-982C-8736E333A26A}.Debug|x86.ActiveCfg = Debug|Any CPU
		{B4E59990-EA10-451D-982C-8736E333A26A}.Debug|x86.Build.0 = Debug|Any CPU
		{B4E59990-EA10-451D-982C-8736E333A26A}.Release|Any CPU.ActiveCfg = Release|Any CPU
		{B4E59990-EA10-451D-982C-8736E333A26A}.Release|Any CPU.Build.0 = Release|Any CPU
		{B4E59990-EA10-451D-982C-8736E333A26A}.Release|ARM.ActiveCfg = Release|Any CPU
		{B4E59990-EA10-451D-982C-8736E333A26A}.Release|ARM.Build.0 = Release|Any CPU
		{B4E59990-EA10-451D-982C-8736E333A26A}.Release|x64.ActiveCfg = Release|Any CPU
		{B4E59990-EA10-451D-982C-8736E333A26A}.Release|x64.Build.0 = Release|Any CPU
		{B4E59990-EA10-451D-982C-8736E333A26A}.Release|x86.ActiveCfg = Release|Any CPU
		{B4E59990-EA10-451D-982C-8736E333A26A}.Release|x86.Build.0 = Release|Any CPU
		{87AA42D8-A9F2-432B-B6DC-8FD61A2E92C5}.Debug|Any CPU.ActiveCfg = Debug|Any CPU
		{87AA42D8-A9F2-432B-B6DC-8FD61A2E92C5}.Debug|Any CPU.Build.0 = Debug|Any CPU
		{87AA42D8-A9F2-432B-B6DC-8FD61A2E92C5}.Debug|ARM.ActiveCfg = Debug|Any CPU
		{87AA42D8-A9F2-432B-B6DC-8FD61A2E92C5}.Debug|ARM.Build.0 = Debug|Any CPU
		{87AA42D8-A9F2-432B-B6DC-8FD61A2E92C5}.Debug|x64.ActiveCfg = Debug|Any CPU
		{87AA42D8-A9F2-432B-B6DC-8FD61A2E92C5}.Debug|x64.Build.0 = Debug|Any CPU
		{87AA42D8-A9F2-432B-B6DC-8FD61A2E92C5}.Debug|x86.ActiveCfg = Debug|Any CPU
		{87AA42D8-A9F2-432B-B6DC-8FD61A2E92C5}.Debug|x86.Build.0 = Debug|Any CPU
		{87AA42D8-A9F2-432B-B6DC-8FD61A2E92C5}.Release|Any CPU.ActiveCfg = Release|Any CPU
		{87AA42D8-A9F2-432B-B6DC-8FD61A2E92C5}.Release|Any CPU.Build.0 = Release|Any CPU
		{87AA42D8-A9F2-432B-B6DC-8FD61A2E92C5}.Release|ARM.ActiveCfg = Release|Any CPU
		{87AA42D8-A9F2-432B-B6DC-8FD61A2E92C5}.Release|ARM.Build.0 = Release|Any CPU
		{87AA42D8-A9F2-432B-B6DC-8FD61A2E92C5}.Release|x64.ActiveCfg = Release|Any CPU
		{87AA42D8-A9F2-432B-B6DC-8FD61A2E92C5}.Release|x64.Build.0 = Release|Any CPU
		{87AA42D8-A9F2-432B-B6DC-8FD61A2E92C5}.Release|x86.ActiveCfg = Release|Any CPU
		{87AA42D8-A9F2-432B-B6DC-8FD61A2E92C5}.Release|x86.Build.0 = Release|Any CPU
		{35EECDC6-B183-4116-AE92-CD7A74F8A792}.Debug|Any CPU.ActiveCfg = Debug|Any CPU
		{35EECDC6-B183-4116-AE92-CD7A74F8A792}.Debug|Any CPU.Build.0 = Debug|Any CPU
		{35EECDC6-B183-4116-AE92-CD7A74F8A792}.Debug|ARM.ActiveCfg = Debug|Any CPU
		{35EECDC6-B183-4116-AE92-CD7A74F8A792}.Debug|ARM.Build.0 = Debug|Any CPU
		{35EECDC6-B183-4116-AE92-CD7A74F8A792}.Debug|x64.ActiveCfg = Debug|Any CPU
		{35EECDC6-B183-4116-AE92-CD7A74F8A792}.Debug|x64.Build.0 = Debug|Any CPU
		{35EECDC6-B183-4116-AE92-CD7A74F8A792}.Debug|x86.ActiveCfg = Debug|Any CPU
		{35EECDC6-B183-4116-AE92-CD7A74F8A792}.Debug|x86.Build.0 = Debug|Any CPU
		{35EECDC6-B183-4116-AE92-CD7A74F8A792}.Release|Any CPU.ActiveCfg = Release|Any CPU
		{35EECDC6-B183-4116-AE92-CD7A74F8A792}.Release|Any CPU.Build.0 = Release|Any CPU
		{35EECDC6-B183-4116-AE92-CD7A74F8A792}.Release|ARM.ActiveCfg = Release|Any CPU
		{35EECDC6-B183-4116-AE92-CD7A74F8A792}.Release|ARM.Build.0 = Release|Any CPU
		{35EECDC6-B183-4116-AE92-CD7A74F8A792}.Release|x64.ActiveCfg = Release|Any CPU
		{35EECDC6-B183-4116-AE92-CD7A74F8A792}.Release|x64.Build.0 = Release|Any CPU
		{35EECDC6-B183-4116-AE92-CD7A74F8A792}.Release|x86.ActiveCfg = Release|Any CPU
		{35EECDC6-B183-4116-AE92-CD7A74F8A792}.Release|x86.Build.0 = Release|Any CPU
		{B779CF43-965D-4295-8756-D758438FC0F2}.Debug|Any CPU.ActiveCfg = Debug|Any CPU
		{B779CF43-965D-4295-8756-D758438FC0F2}.Debug|Any CPU.Build.0 = Debug|Any CPU
		{B779CF43-965D-4295-8756-D758438FC0F2}.Debug|ARM.ActiveCfg = Debug|Any CPU
		{B779CF43-965D-4295-8756-D758438FC0F2}.Debug|ARM.Build.0 = Debug|Any CPU
		{B779CF43-965D-4295-8756-D758438FC0F2}.Debug|x64.ActiveCfg = Debug|Any CPU
		{B779CF43-965D-4295-8756-D758438FC0F2}.Debug|x64.Build.0 = Debug|Any CPU
		{B779CF43-965D-4295-8756-D758438FC0F2}.Debug|x86.ActiveCfg = Debug|Any CPU
		{B779CF43-965D-4295-8756-D758438FC0F2}.Debug|x86.Build.0 = Debug|Any CPU
		{B779CF43-965D-4295-8756-D758438FC0F2}.Release|Any CPU.ActiveCfg = Release|Any CPU
		{B779CF43-965D-4295-8756-D758438FC0F2}.Release|Any CPU.Build.0 = Release|Any CPU
		{B779CF43-965D-4295-8756-D758438FC0F2}.Release|ARM.ActiveCfg = Release|Any CPU
		{B779CF43-965D-4295-8756-D758438FC0F2}.Release|ARM.Build.0 = Release|Any CPU
		{B779CF43-965D-4295-8756-D758438FC0F2}.Release|x64.ActiveCfg = Release|Any CPU
		{B779CF43-965D-4295-8756-D758438FC0F2}.Release|x64.Build.0 = Release|Any CPU
		{B779CF43-965D-4295-8756-D758438FC0F2}.Release|x86.ActiveCfg = Release|Any CPU
		{B779CF43-965D-4295-8756-D758438FC0F2}.Release|x86.Build.0 = Release|Any CPU
		{CA796B73-78D7-4A11-BD42-85C9A7365E48}.Debug|Any CPU.ActiveCfg = Debug|Any CPU
		{CA796B73-78D7-4A11-BD42-85C9A7365E48}.Debug|Any CPU.Build.0 = Debug|Any CPU
		{CA796B73-78D7-4A11-BD42-85C9A7365E48}.Debug|ARM.ActiveCfg = Debug|Any CPU
		{CA796B73-78D7-4A11-BD42-85C9A7365E48}.Debug|ARM.Build.0 = Debug|Any CPU
		{CA796B73-78D7-4A11-BD42-85C9A7365E48}.Debug|x64.ActiveCfg = Debug|Any CPU
		{CA796B73-78D7-4A11-BD42-85C9A7365E48}.Debug|x64.Build.0 = Debug|Any CPU
		{CA796B73-78D7-4A11-BD42-85C9A7365E48}.Debug|x86.ActiveCfg = Debug|Any CPU
		{CA796B73-78D7-4A11-BD42-85C9A7365E48}.Debug|x86.Build.0 = Debug|Any CPU
		{CA796B73-78D7-4A11-BD42-85C9A7365E48}.Release|Any CPU.ActiveCfg = Release|Any CPU
		{CA796B73-78D7-4A11-BD42-85C9A7365E48}.Release|Any CPU.Build.0 = Release|Any CPU
		{CA796B73-78D7-4A11-BD42-85C9A7365E48}.Release|ARM.ActiveCfg = Release|Any CPU
		{CA796B73-78D7-4A11-BD42-85C9A7365E48}.Release|ARM.Build.0 = Release|Any CPU
		{CA796B73-78D7-4A11-BD42-85C9A7365E48}.Release|x64.ActiveCfg = Release|Any CPU
		{CA796B73-78D7-4A11-BD42-85C9A7365E48}.Release|x64.Build.0 = Release|Any CPU
		{CA796B73-78D7-4A11-BD42-85C9A7365E48}.Release|x86.ActiveCfg = Release|Any CPU
		{CA796B73-78D7-4A11-BD42-85C9A7365E48}.Release|x86.Build.0 = Release|Any CPU
		{2024019E-47E0-471D-ACA6-979672ED9788}.Debug|Any CPU.ActiveCfg = Debug|Any CPU
		{2024019E-47E0-471D-ACA6-979672ED9788}.Debug|Any CPU.Build.0 = Debug|Any CPU
		{2024019E-47E0-471D-ACA6-979672ED9788}.Debug|ARM.ActiveCfg = Debug|Any CPU
		{2024019E-47E0-471D-ACA6-979672ED9788}.Debug|ARM.Build.0 = Debug|Any CPU
		{2024019E-47E0-471D-ACA6-979672ED9788}.Debug|x64.ActiveCfg = Debug|Any CPU
		{2024019E-47E0-471D-ACA6-979672ED9788}.Debug|x64.Build.0 = Debug|Any CPU
		{2024019E-47E0-471D-ACA6-979672ED9788}.Debug|x86.ActiveCfg = Debug|Any CPU
		{2024019E-47E0-471D-ACA6-979672ED9788}.Debug|x86.Build.0 = Debug|Any CPU
		{2024019E-47E0-471D-ACA6-979672ED9788}.Release|Any CPU.ActiveCfg = Release|Any CPU
		{2024019E-47E0-471D-ACA6-979672ED9788}.Release|Any CPU.Build.0 = Release|Any CPU
		{2024019E-47E0-471D-ACA6-979672ED9788}.Release|ARM.ActiveCfg = Release|Any CPU
		{2024019E-47E0-471D-ACA6-979672ED9788}.Release|ARM.Build.0 = Release|Any CPU
		{2024019E-47E0-471D-ACA6-979672ED9788}.Release|x64.ActiveCfg = Release|Any CPU
		{2024019E-47E0-471D-ACA6-979672ED9788}.Release|x64.Build.0 = Release|Any CPU
		{2024019E-47E0-471D-ACA6-979672ED9788}.Release|x86.ActiveCfg = Release|Any CPU
		{2024019E-47E0-471D-ACA6-979672ED9788}.Release|x86.Build.0 = Release|Any CPU
		{86BE00A6-BA8C-4231-B1EB-5C4016DB665D}.Debug|Any CPU.ActiveCfg = Debug|Any CPU
		{86BE00A6-BA8C-4231-B1EB-5C4016DB665D}.Debug|Any CPU.Build.0 = Debug|Any CPU
		{86BE00A6-BA8C-4231-B1EB-5C4016DB665D}.Debug|ARM.ActiveCfg = Debug|Any CPU
		{86BE00A6-BA8C-4231-B1EB-5C4016DB665D}.Debug|ARM.Build.0 = Debug|Any CPU
		{86BE00A6-BA8C-4231-B1EB-5C4016DB665D}.Debug|x64.ActiveCfg = Debug|Any CPU
		{86BE00A6-BA8C-4231-B1EB-5C4016DB665D}.Debug|x64.Build.0 = Debug|Any CPU
		{86BE00A6-BA8C-4231-B1EB-5C4016DB665D}.Debug|x86.ActiveCfg = Debug|Any CPU
		{86BE00A6-BA8C-4231-B1EB-5C4016DB665D}.Debug|x86.Build.0 = Debug|Any CPU
		{86BE00A6-BA8C-4231-B1EB-5C4016DB665D}.Release|Any CPU.ActiveCfg = Release|Any CPU
		{86BE00A6-BA8C-4231-B1EB-5C4016DB665D}.Release|Any CPU.Build.0 = Release|Any CPU
		{86BE00A6-BA8C-4231-B1EB-5C4016DB665D}.Release|ARM.ActiveCfg = Release|Any CPU
		{86BE00A6-BA8C-4231-B1EB-5C4016DB665D}.Release|ARM.Build.0 = Release|Any CPU
		{86BE00A6-BA8C-4231-B1EB-5C4016DB665D}.Release|x64.ActiveCfg = Release|Any CPU
		{86BE00A6-BA8C-4231-B1EB-5C4016DB665D}.Release|x64.Build.0 = Release|Any CPU
		{86BE00A6-BA8C-4231-B1EB-5C4016DB665D}.Release|x86.ActiveCfg = Release|Any CPU
		{86BE00A6-BA8C-4231-B1EB-5C4016DB665D}.Release|x86.Build.0 = Release|Any CPU
		{8731C339-27A8-43DD-AAB6-240D82F03BD7}.Debug|Any CPU.ActiveCfg = Debug|Any CPU
		{8731C339-27A8-43DD-AAB6-240D82F03BD7}.Debug|Any CPU.Build.0 = Debug|Any CPU
		{8731C339-27A8-43DD-AAB6-240D82F03BD7}.Debug|ARM.ActiveCfg = Debug|Any CPU
		{8731C339-27A8-43DD-AAB6-240D82F03BD7}.Debug|ARM.Build.0 = Debug|Any CPU
		{8731C339-27A8-43DD-AAB6-240D82F03BD7}.Debug|x64.ActiveCfg = Debug|Any CPU
		{8731C339-27A8-43DD-AAB6-240D82F03BD7}.Debug|x64.Build.0 = Debug|Any CPU
		{8731C339-27A8-43DD-AAB6-240D82F03BD7}.Debug|x86.ActiveCfg = Debug|Any CPU
		{8731C339-27A8-43DD-AAB6-240D82F03BD7}.Debug|x86.Build.0 = Debug|Any CPU
		{8731C339-27A8-43DD-AAB6-240D82F03BD7}.Release|Any CPU.ActiveCfg = Release|Any CPU
		{8731C339-27A8-43DD-AAB6-240D82F03BD7}.Release|Any CPU.Build.0 = Release|Any CPU
		{8731C339-27A8-43DD-AAB6-240D82F03BD7}.Release|ARM.ActiveCfg = Release|Any CPU
		{8731C339-27A8-43DD-AAB6-240D82F03BD7}.Release|ARM.Build.0 = Release|Any CPU
		{8731C339-27A8-43DD-AAB6-240D82F03BD7}.Release|x64.ActiveCfg = Release|Any CPU
		{8731C339-27A8-43DD-AAB6-240D82F03BD7}.Release|x64.Build.0 = Release|Any CPU
		{8731C339-27A8-43DD-AAB6-240D82F03BD7}.Release|x86.ActiveCfg = Release|Any CPU
		{8731C339-27A8-43DD-AAB6-240D82F03BD7}.Release|x86.Build.0 = Release|Any CPU
		{1CE42C14-9D1D-4867-BDC5-D510DC513E3C}.Debug|Any CPU.ActiveCfg = Debug|Any CPU
		{1CE42C14-9D1D-4867-BDC5-D510DC513E3C}.Debug|Any CPU.Build.0 = Debug|Any CPU
		{1CE42C14-9D1D-4867-BDC5-D510DC513E3C}.Debug|ARM.ActiveCfg = Debug|Any CPU
		{1CE42C14-9D1D-4867-BDC5-D510DC513E3C}.Debug|ARM.Build.0 = Debug|Any CPU
		{1CE42C14-9D1D-4867-BDC5-D510DC513E3C}.Debug|x64.ActiveCfg = Debug|Any CPU
		{1CE42C14-9D1D-4867-BDC5-D510DC513E3C}.Debug|x64.Build.0 = Debug|Any CPU
		{1CE42C14-9D1D-4867-BDC5-D510DC513E3C}.Debug|x86.ActiveCfg = Debug|Any CPU
		{1CE42C14-9D1D-4867-BDC5-D510DC513E3C}.Debug|x86.Build.0 = Debug|Any CPU
		{1CE42C14-9D1D-4867-BDC5-D510DC513E3C}.Release|Any CPU.ActiveCfg = Release|Any CPU
		{1CE42C14-9D1D-4867-BDC5-D510DC513E3C}.Release|Any CPU.Build.0 = Release|Any CPU
		{1CE42C14-9D1D-4867-BDC5-D510DC513E3C}.Release|ARM.ActiveCfg = Release|Any CPU
		{1CE42C14-9D1D-4867-BDC5-D510DC513E3C}.Release|ARM.Build.0 = Release|Any CPU
		{1CE42C14-9D1D-4867-BDC5-D510DC513E3C}.Release|x64.ActiveCfg = Release|Any CPU
		{1CE42C14-9D1D-4867-BDC5-D510DC513E3C}.Release|x64.Build.0 = Release|Any CPU
		{1CE42C14-9D1D-4867-BDC5-D510DC513E3C}.Release|x86.ActiveCfg = Release|Any CPU
		{1CE42C14-9D1D-4867-BDC5-D510DC513E3C}.Release|x86.Build.0 = Release|Any CPU
		{FA08CF21-1232-4615-94E6-139231640A97}.Debug|Any CPU.ActiveCfg = Debug|Any CPU
		{FA08CF21-1232-4615-94E6-139231640A97}.Debug|Any CPU.Build.0 = Debug|Any CPU
		{FA08CF21-1232-4615-94E6-139231640A97}.Debug|ARM.ActiveCfg = Debug|Any CPU
		{FA08CF21-1232-4615-94E6-139231640A97}.Debug|ARM.Build.0 = Debug|Any CPU
		{FA08CF21-1232-4615-94E6-139231640A97}.Debug|x64.ActiveCfg = Debug|Any CPU
		{FA08CF21-1232-4615-94E6-139231640A97}.Debug|x64.Build.0 = Debug|Any CPU
		{FA08CF21-1232-4615-94E6-139231640A97}.Debug|x86.ActiveCfg = Debug|Any CPU
		{FA08CF21-1232-4615-94E6-139231640A97}.Debug|x86.Build.0 = Debug|Any CPU
		{FA08CF21-1232-4615-94E6-139231640A97}.Release|Any CPU.ActiveCfg = Release|Any CPU
		{FA08CF21-1232-4615-94E6-139231640A97}.Release|Any CPU.Build.0 = Release|Any CPU
		{FA08CF21-1232-4615-94E6-139231640A97}.Release|ARM.ActiveCfg = Release|Any CPU
		{FA08CF21-1232-4615-94E6-139231640A97}.Release|ARM.Build.0 = Release|Any CPU
		{FA08CF21-1232-4615-94E6-139231640A97}.Release|x64.ActiveCfg = Release|Any CPU
		{FA08CF21-1232-4615-94E6-139231640A97}.Release|x64.Build.0 = Release|Any CPU
		{FA08CF21-1232-4615-94E6-139231640A97}.Release|x86.ActiveCfg = Release|Any CPU
		{FA08CF21-1232-4615-94E6-139231640A97}.Release|x86.Build.0 = Release|Any CPU
	EndGlobalSection
	GlobalSection(SolutionProperties) = preSolution
		HideSolutionNode = FALSE
	EndGlobalSection
	GlobalSection(NestedProjects) = preSolution
		{9727F930-67F4-4F59-A231-5991EACBB893} = {F7E56554-4097-462C-B49C-35A3E3C1E626}
		{60FB7B33-6CD4-4C2C-8047-BB6D9959F1DB} = {0F03A1A6-30CD-4E9C-AB39-02BBE1784345}
		{2F7A6F31-65E2-483D-BEFE-43A581FABBEE} = {3CD5EE40-92FB-4E3B-95C9-BEE40E1131AB}
		{A1C30192-9E63-402D-9C55-D44DB4DEC2C7} = {0F03A1A6-30CD-4E9C-AB39-02BBE1784345}
		{0F1D1836-4538-4440-A898-C145F58183B5} = {18833F05-C2E8-4D40-82EC-25B514EABA99}
		{063BC36D-B5E8-4C2B-BC6A-C28C0AE35841} = {0F1D1836-4538-4440-A898-C145F58183B5}
		{53772A2E-C856-4CF4-87DD-30EFB3BEE203} = {0F1D1836-4538-4440-A898-C145F58183B5}
		{731CB9AF-5017-4172-BC94-BB91F9B5AC92} = {0F1D1836-4538-4440-A898-C145F58183B5}
		{4FAB53D2-CAD6-442D-AF15-773579750438} = {18833F05-C2E8-4D40-82EC-25B514EABA99}
		{0D23BD5A-70AE-4D0A-8634-8055E1A55FA6} = {4FAB53D2-CAD6-442D-AF15-773579750438}
		{2F8248BF-BF45-48D2-B16E-53AFC6392569} = {4FAB53D2-CAD6-442D-AF15-773579750438}
		{52E85388-A241-44CD-BE0D-F0293CE9C559} = {4FAB53D2-CAD6-442D-AF15-773579750438}
		{87CB4E34-C0AB-4711-9A36-2290302F55E5} = {0A196598-ADD1-4506-92E9-98159012EA10}
		{5D1196B2-44C1-418C-8F2F-D495A9A234A3} = {3CD5EE40-92FB-4E3B-95C9-BEE40E1131AB}
		{F88893B9-0606-43DB-BC2E-0FB1620168B6} = {F7E56554-4097-462C-B49C-35A3E3C1E626}
		{7EC22CB0-38F8-464C-A0C1-7D3F5DE9D29F} = {F88893B9-0606-43DB-BC2E-0FB1620168B6}
		{0F03A1A6-30CD-4E9C-AB39-02BBE1784345} = {3CD5EE40-92FB-4E3B-95C9-BEE40E1131AB}
		{1930E259-7724-429F-9A28-F9D5DA64F5A1} = {5D1196B2-44C1-418C-8F2F-D495A9A234A3}
		{6BE25F7E-97CE-448F-BFBD-A3E4A1B22A81} = {A1C30192-9E63-402D-9C55-D44DB4DEC2C7}
		{6329C889-3BB1-461F-91C3-2698C462118B} = {60FB7B33-6CD4-4C2C-8047-BB6D9959F1DB}
		{50E9F62A-75DC-4BA0-8C35-712E64A1D16B} = {60FB7B33-6CD4-4C2C-8047-BB6D9959F1DB}
		{B4E59990-EA10-451D-982C-8736E333A26A} = {60FB7B33-6CD4-4C2C-8047-BB6D9959F1DB}
		{87AA42D8-A9F2-432B-B6DC-8FD61A2E92C5} = {2F7A6F31-65E2-483D-BEFE-43A581FABBEE}
		{35EECDC6-B183-4116-AE92-CD7A74F8A792} = {E534B559-5905-4F1F-9EA3-50358E7707EF}
		{B779CF43-965D-4295-8756-D758438FC0F2} = {60FB7B33-6CD4-4C2C-8047-BB6D9959F1DB}
		{CA796B73-78D7-4A11-BD42-85C9A7365E48} = {E534B559-5905-4F1F-9EA3-50358E7707EF}
		{2024019E-47E0-471D-ACA6-979672ED9788} = {F5A69566-AB34-4382-92DF-8CA2BD9CEBEC}
		{F5A69566-AB34-4382-92DF-8CA2BD9CEBEC} = {2F7A6F31-65E2-483D-BEFE-43A581FABBEE}
		{86BE00A6-BA8C-4231-B1EB-5C4016DB665D} = {F5A69566-AB34-4382-92DF-8CA2BD9CEBEC}
		{8731C339-27A8-43DD-AAB6-240D82F03BD7} = {9727F930-67F4-4F59-A231-5991EACBB893}
		{0F78E18F-5480-4BF2-AEB7-EA6B2AE2D744} = {3CD5EE40-92FB-4E3B-95C9-BEE40E1131AB}
		{1CE42C14-9D1D-4867-BDC5-D510DC513E3C} = {0F78E18F-5480-4BF2-AEB7-EA6B2AE2D744}
		{54E10667-E859-4AF6-8931-85964FA2C4D0} = {0F03A1A6-30CD-4E9C-AB39-02BBE1784345}
		{FA08CF21-1232-4615-94E6-139231640A97} = {54E10667-E859-4AF6-8931-85964FA2C4D0}
	EndGlobalSection
EndGlobal
