
Microsoft Visual Studio Solution File, Format Version 12.00
# Visual Studio 2013
VisualStudioVersion = 12.0.31101.0
MinimumVisualStudioVersion = 10.0.40219.1
Project("{FAE04EC0-301F-11D3-BF4B-00C04F79EFBC}") = "LogoFX.Client.Mvvm.Core", "LogoFX.Client.Mvvm.Core\LogoFX.Client.Mvvm.Core.csproj", "{BD03B159-9C44-4E27-961B-97A63E383FEF}"
EndProject
Global
	GlobalSection(SolutionConfigurationPlatforms) = preSolution
		Debug|Any CPU = Debug|Any CPU
		Release|Any CPU = Release|Any CPU
	EndGlobalSection
	GlobalSection(ProjectConfigurationPlatforms) = postSolution
		{BD03B159-9C44-4E27-961B-97A63E383FEF}.Debug|Any CPU.ActiveCfg = Debug|Any CPU
		{BD03B159-9C44-4E27-961B-97A63E383FEF}.Debug|Any CPU.Build.0 = Debug|Any CPU
		{BD03B159-9C44-4E27-961B-97A63E383FEF}.Release|Any CPU.ActiveCfg = Release|Any CPU
		{BD03B159-9C44-4E27-961B-97A63E383FEF}.Release|Any CPU.Build.0 = Release|Any CPU
	EndGlobalSection
	GlobalSection(SolutionProperties) = preSolution
		HideSolutionNode = FALSE
	EndGlobalSection
EndGlobal
